
Microsoft Visual Studio Solution File, Format Version 12.00
# Visual Studio Version 17
VisualStudioVersion = 17.5.002.0
MinimumVisualStudioVersion = 10.0.40219.1
Project("{2150E333-8FDC-42A3-9474-1A3956D46DE8}") = "TrackMyCourseApp", "TrackMyCourseApp", "{63CFD87F-9B43-4A49-9CD0-3AB43DAE5599}"
EndProject
Project("{2150E333-8FDC-42A3-9474-1A3956D46DE8}") = "src", "src", "{5124F781-094B-4C65-882C-048F4D8A573E}"
EndProject
Project("{2150E333-8FDC-42A3-9474-1A3956D46DE8}") = "01.TrackMyCourse.Server", "01.TrackMyCourse.Server", "{73E20B79-8E72-47D1-BD42-578751FA8161}"
EndProject
Project("{9A19103F-16F7-4668-BE54-9A1E7A4F7556}") = "TrackMyCourseApi", "TrackMyCourseApp\src\01.TrackMyCourse.Server\TrackMyCourseApi\TrackMyCourseApi.csproj", "{6820F493-B059-4CE9-9DC6-77B230D4B175}"
EndProject
Global
	GlobalSection(SolutionConfigurationPlatforms) = preSolution
		Debug|Any CPU = Debug|Any CPU
		Release|Any CPU = Release|Any CPU
	EndGlobalSection
	GlobalSection(ProjectConfigurationPlatforms) = postSolution
		{6820F493-B059-4CE9-9DC6-77B230D4B175}.Debug|Any CPU.ActiveCfg = Debug|Any CPU
		{6820F493-B059-4CE9-9DC6-77B230D4B175}.Debug|Any CPU.Build.0 = Debug|Any CPU
		{6820F493-B059-4CE9-9DC6-77B230D4B175}.Release|Any CPU.ActiveCfg = Release|Any CPU
		{6820F493-B059-4CE9-9DC6-77B230D4B175}.Release|Any CPU.Build.0 = Release|Any CPU
	EndGlobalSection
	GlobalSection(SolutionProperties) = preSolution
		HideSolutionNode = FALSE
	EndGlobalSection
	GlobalSection(NestedProjects) = preSolution
		{5124F781-094B-4C65-882C-048F4D8A573E} = {63CFD87F-9B43-4A49-9CD0-3AB43DAE5599}
		{73E20B79-8E72-47D1-BD42-578751FA8161} = {5124F781-094B-4C65-882C-048F4D8A573E}
		{6820F493-B059-4CE9-9DC6-77B230D4B175} = {73E20B79-8E72-47D1-BD42-578751FA8161}
	EndGlobalSection
	GlobalSection(ExtensibilityGlobals) = postSolution
		SolutionGuid = {912B90CC-EB1C-42F4-8B47-FA94AD81B99C}
	EndGlobalSection
EndGlobal
